PODS:
  - APIResource (0.2.1)
  - SwiftLint (0.34.0)

DEPENDENCIES:
  - APIResource
  - SwiftLint

SPEC REPOS:
  https://github.com/cocoapods/specs.git:
    - APIResource
    - SwiftLint

SPEC CHECKSUMS:
  APIResource: c31f52584a9fd21a2edebcb07796130c8efd3f13
  SwiftLint: 79d48a17c6565dc286c37efb8322c7b450f95c67

PODFILE CHECKSUM: bebd545bfc865a49209d385d36e05070f617f183

COCOAPODS: 1.6.1
