// !$*UTF8*$!
{
	archiveVersion = 1;
	classes = {
	};
	objectVersion = 51;
	objects = {

/* Begin PBXBuildFile section */
		CE22D84C22B649280018033B /* ImageSearch.swift in Sources */ = {isa = PBXBuildFile; fileRef = CE22D84B22B649280018033B /* ImageSearch.swift */; };
		CE612C3022B0D113003CD38E /* LoadingCell.swift in Sources */ = {isa = PBXBuildFile; fileRef = CE612C2E22B0D113003CD38E /* LoadingCell.swift */; };
		CE612C3122B0D113003CD38E /* LoadingCell.xib in Resources */ = {isa = PBXBuildFile; fileRef = CE612C2F22B0D113003CD38E /* LoadingCell.xib */; };
		CE612C3322B0D26B003CD38E /* UITableView.swift in Sources */ = {isa = PBXBuildFile; fileRef = CE612C3222B0D26B003CD38E /* UITableView.swift */; };
		D371583F0EA21FA83C4FEF94 /* Pods_randomImage.framework in Frameworks */ = {isa = PBXBuildFile; fileRef = EC1C8049A8A05CBF85076FD2 /* Pods_randomImage.framework */; };
		D93CBB1E22CA0E5000AF5F2C /* SearchAPI.swift in Sources */ = {isa = PBXBuildFile; fileRef = D93CBB1D22CA0E5000AF5F2C /* SearchAPI.swift */; };
		D999D23F22CC84DD000CD458 /* LoadingCollectionViewCell.swift in Sources */ = {isa = PBXBuildFile; fileRef = D999D23D22CC84DD000CD458 /* LoadingCollectionViewCell.swift */; };
		D999D24022CC84DD000CD458 /* LoadingCollectionViewCell.xib in Resources */ = {isa = PBXBuildFile; fileRef = D999D23E22CC84DD000CD458 /* LoadingCollectionViewCell.xib */; };
		D999D24522CDEDB8000CD458 /* DetailViewController.swift in Sources */ = {isa = PBXBuildFile; fileRef = D999D24422CDEDB8000CD458 /* DetailViewController.swift */; };
		D999D24722CDEDC5000CD458 /* DetailView.storyboard in Resources */ = {isa = PBXBuildFile; fileRef = D999D24622CDEDC5000CD458 /* DetailView.storyboard */; };
		D9ABD01622AA78C7009C9A80 /* ImageTableViewCell.swift in Sources */ = {isa = PBXBuildFile; fileRef = D9ABD01422AA78C7009C9A80 /* ImageTableViewCell.swift */; };
		D9ABD01722AA78C7009C9A80 /* ImageTableViewCell.xib in Resources */ = {isa = PBXBuildFile; fileRef = D9ABD01522AA78C7009C9A80 /* ImageTableViewCell.xib */; };
		D9ABD01B22AA7EBD009C9A80 /* Reusable.swift in Sources */ = {isa = PBXBuildFile; fileRef = D9ABD01A22AA7EBD009C9A80 /* Reusable.swift */; };
		D9ABD01F22AB7DCF009C9A80 /* ResponseModel.swift in Sources */ = {isa = PBXBuildFile; fileRef = D9ABD01E22AB7DCF009C9A80 /* ResponseModel.swift */; };
		D9ABD02322ABBBBA009C9A80 /* SecretKey.swift in Sources */ = {isa = PBXBuildFile; fileRef = D9ABD02222ABBBBA009C9A80 /* SecretKey.swift */; };
		D9ABD02522ABDC75009C9A80 /* RequestQueryStruct.swift in Sources */ = {isa = PBXBuildFile; fileRef = D9ABD02422ABDC75009C9A80 /* RequestQueryStruct.swift */; };
		D9C22DF722A265D6008FB833 /* APIManager.swift in Sources */ = {isa = PBXBuildFile; fileRef = D9C22DF622A265D6008FB833 /* APIManager.swift */; };
		D9C22EF422A56B65008FB833 /* MainPageViewController.swift in Sources */ = {isa = PBXBuildFile; fileRef = D9C22EF322A56B65008FB833 /* MainPageViewController.swift */; };
		D9C22EFB22A57CC2008FB833 /* StoryBoardType.swift in Sources */ = {isa = PBXBuildFile; fileRef = D9C22EFA22A57CC2008FB833 /* StoryBoardType.swift */; };
		D9C22F0422AA3A40008FB833 /* ImageTableViewController.swift in Sources */ = {isa = PBXBuildFile; fileRef = D9C22F0322AA3A40008FB833 /* ImageTableViewController.swift */; };
		D9C22F0622AA3A4F008FB833 /* ImageCollectionViewController.swift in Sources */ = {isa = PBXBuildFile; fileRef = D9C22F0522AA3A4F008FB833 /* ImageCollectionViewController.swift */; };
		D9C22F0822AA3A8A008FB833 /* ImageCollectionView.storyboard in Resources */ = {isa = PBXBuildFile; fileRef = D9C22F0722AA3A8A008FB833 /* ImageCollectionView.storyboard */; };
		D9C22F0A22AA3A93008FB833 /* ImageTableView.storyboard in Resources */ = {isa = PBXBuildFile; fileRef = D9C22F0922AA3A93008FB833 /* ImageTableView.storyboard */; };
		D9E1A3A7229D80B70076613C /* AppDelegate.swift in Sources */ = {isa = PBXBuildFile; fileRef = D9E1A3A6229D80B70076613C /* AppDelegate.swift */; };
		D9E1A3AC229D80B70076613C /* Main.storyboard in Resources */ = {isa = PBXBuildFile; fileRef = D9E1A3AA229D80B70076613C /* Main.storyboard */; };
		D9E1A3AE229D80B80076613C /* Assets.xcassets in Resources */ = {isa = PBXBuildFile; fileRef = D9E1A3AD229D80B80076613C /* Assets.xcassets */; };
		D9E1A3B1229D80B80076613C /* LaunchScreen.storyboard in Resources */ = {isa = PBXBuildFile; fileRef = D9E1A3AF229D80B80076613C /* LaunchScreen.storyboard */; };
		D9E9E35622AC1FED003AD328 /* QueryStruct.swift in Sources */ = {isa = PBXBuildFile; fileRef = D9E9E35522AC1FED003AD328 /* QueryStruct.swift */; };
		D9E9E35822AC2247003AD328 /* UINib.swift in Sources */ = {isa = PBXBuildFile; fileRef = D9E9E35722AC2247003AD328 /* UINib.swift */; };
		D9E9E35B22AD11B5003AD328 /* CacheImageManager.swift in Sources */ = {isa = PBXBuildFile; fileRef = D9E9E35A22AD11B5003AD328 /* CacheImageManager.swift */; };
		D9E9E3F422B2BECB003AD328 /* ImageCollectionViewCell.swift in Sources */ = {isa = PBXBuildFile; fileRef = D9E9E3F222B2BECB003AD328 /* ImageCollectionViewCell.swift */; };
		D9E9E3F522B2BECB003AD328 /* ImageCollectionViewCell.xib in Resources */ = {isa = PBXBuildFile; fileRef = D9E9E3F322B2BECB003AD328 /* ImageCollectionViewCell.xib */; };
		D9E9E3F722B2C1D0003AD328 /* UICollectionView.swift in Sources */ = {isa = PBXBuildFile; fileRef = D9E9E3F622B2C1D0003AD328 /* UICollectionView.swift */; };
		D9E9E3FA22B4C72D003AD328 /* NavigationSearchBar.swift in Sources */ = {isa = PBXBuildFile; fileRef = D9E9E3F922B4C72D003AD328 /* NavigationSearchBar.swift */; };
		D9E9E3FD22B4C743003AD328 /* NavigationSearchBar.xib in Resources */ = {isa = PBXBuildFile; fileRef = D9E9E3FC22B4C743003AD328 /* NavigationSearchBar.xib */; };
/* End PBXBuildFile section */

/* Begin PBXFileReference section */
		4A5BE1ABCE67182B9B3732DD /* Pods-randomImage.debug.xcconfig */ = {isa = PBXFileReference; includeInIndex = 1; lastKnownFileType = text.xcconfig; name = "Pods-randomImage.debug.xcconfig"; path = "Target Support Files/Pods-randomImage/Pods-randomImage.debug.xcconfig"; sourceTree = "<group>"; };
		6D35B31A6BA5DB8BC4FD2AC3 /* Pods-randomImage.release.xcconfig */ = {isa = PBXFileReference; includeInIndex = 1; lastKnownFileType = text.xcconfig; name = "Pods-randomImage.release.xcconfig"; path = "Target Support Files/Pods-randomImage/Pods-randomImage.release.xcconfig"; sourceTree = "<group>"; };
		CE22D84B22B649280018033B /* ImageSearch.swift */ = {isa = PBXFileReference; lastKnownFileType = sourcecode.swift; path = ImageSearch.swift; sourceTree = "<group>"; };
		CE612C2E22B0D113003CD38E /* LoadingCell.swift */ = {isa = PBXFileReference; lastKnownFileType = sourcecode.swift; path = LoadingCell.swift; sourceTree = "<group>"; };
		CE612C2F22B0D113003CD38E /* LoadingCell.xib */ = {isa = PBXFileReference; lastKnownFileType = file.xib; path = LoadingCell.xib; sourceTree = "<group>"; };
		CE612C3222B0D26B003CD38E /* UITableView.swift */ = {isa = PBXFileReference; lastKnownFileType = sourcecode.swift; path = UITableView.swift; sourceTree = "<group>"; };
		D93CBB1D22CA0E5000AF5F2C /* SearchAPI.swift */ = {isa = PBXFileReference; lastKnownFileType = sourcecode.swift; path = SearchAPI.swift; sourceTree = "<group>"; };
		D999D23D22CC84DD000CD458 /* LoadingCollectionViewCell.swift */ = {isa = PBXFileReference; lastKnownFileType = sourcecode.swift; path = LoadingCollectionViewCell.swift; sourceTree = "<group>"; };
		D999D23E22CC84DD000CD458 /* LoadingCollectionViewCell.xib */ = {isa = PBXFileReference; lastKnownFileType = file.xib; path = LoadingCollectionViewCell.xib; sourceTree = "<group>"; };
		D999D24422CDEDB8000CD458 /* DetailViewController.swift */ = {isa = PBXFileReference; lastKnownFileType = sourcecode.swift; path = DetailViewController.swift; sourceTree = "<group>"; };
		D999D24622CDEDC5000CD458 /* DetailView.storyboard */ = {isa = PBXFileReference; lastKnownFileType = file.storyboard; path = DetailView.storyboard; sourceTree = "<group>"; };
		D9ABD01422AA78C7009C9A80 /* ImageTableViewCell.swift */ = {isa = PBXFileReference; lastKnownFileType = sourcecode.swift; path = ImageTableViewCell.swift; sourceTree = "<group>"; };
		D9ABD01522AA78C7009C9A80 /* ImageTableViewCell.xib */ = {isa = PBXFileReference; lastKnownFileType = file.xib; path = ImageTableViewCell.xib; sourceTree = "<group>"; };
		D9ABD01A22AA7EBD009C9A80 /* Reusable.swift */ = {isa = PBXFileReference; lastKnownFileType = sourcecode.swift; path = Reusable.swift; sourceTree = "<group>"; };
		D9ABD01E22AB7DCF009C9A80 /* ResponseModel.swift */ = {isa = PBXFileReference; lastKnownFileType = sourcecode.swift; path = ResponseModel.swift; sourceTree = "<group>"; };
		D9ABD02222ABBBBA009C9A80 /* SecretKey.swift */ = {isa = PBXFileReference; lastKnownFileType = sourcecode.swift; path = SecretKey.swift; sourceTree = "<group>"; };
		D9ABD02422ABDC75009C9A80 /* RequestQueryStruct.swift */ = {isa = PBXFileReference; lastKnownFileType = sourcecode.swift; path = RequestQueryStruct.swift; sourceTree = "<group>"; };
		D9C22DF622A265D6008FB833 /* APIManager.swift */ = {isa = PBXFileReference; lastKnownFileType = sourcecode.swift; path = APIManager.swift; sourceTree = "<group>"; };
		D9C22EF322A56B65008FB833 /* MainPageViewController.swift */ = {isa = PBXFileReference; lastKnownFileType = sourcecode.swift; path = MainPageViewController.swift; sourceTree = "<group>"; };
		D9C22EFA22A57CC2008FB833 /* StoryBoardType.swift */ = {isa = PBXFileReference; lastKnownFileType = sourcecode.swift; path = StoryBoardType.swift; sourceTree = "<group>"; };
		D9C22F0322AA3A40008FB833 /* ImageTableViewController.swift */ = {isa = PBXFileReference; lastKnownFileType = sourcecode.swift; path = ImageTableViewController.swift; sourceTree = "<group>"; };
		D9C22F0522AA3A4F008FB833 /* ImageCollectionViewController.swift */ = {isa = PBXFileReference; lastKnownFileType = sourcecode.swift; path = ImageCollectionViewController.swift; sourceTree = "<group>"; };
		D9C22F0722AA3A8A008FB833 /* ImageCollectionView.storyboard */ = {isa = PBXFileReference; lastKnownFileType = file.storyboard; path = ImageCollectionView.storyboard; sourceTree = "<group>"; };
		D9C22F0922AA3A93008FB833 /* ImageTableView.storyboard */ = {isa = PBXFileReference; lastKnownFileType = file.storyboard; path = ImageTableView.storyboard; sourceTree = "<group>"; };
		D9E1A3A3229D80B70076613C /* randomImage.app */ = {isa = PBXFileReference; explicitFileType = wrapper.application; includeInIndex = 0; path = randomImage.app; sourceTree = BUILT_PRODUCTS_DIR; };
		D9E1A3A6229D80B70076613C /* AppDelegate.swift */ = {isa = PBXFileReference; lastKnownFileType = sourcecode.swift; path = AppDelegate.swift; sourceTree = "<group>"; };
		D9E1A3AB229D80B70076613C /* Base */ = {isa = PBXFileReference; lastKnownFileType = file.storyboard; name = Base; path = Base.lproj/Main.storyboard; sourceTree = "<group>"; };
		D9E1A3AD229D80B80076613C /* Assets.xcassets */ = {isa = PBXFileReference; lastKnownFileType = folder.assetcatalog; path = Assets.xcassets; sourceTree = "<group>"; };
		D9E1A3B0229D80B80076613C /* Base */ = {isa = PBXFileReference; lastKnownFileType = file.storyboard; name = Base; path = Base.lproj/LaunchScreen.storyboard; sourceTree = "<group>"; };
		D9E1A3B2229D80B80076613C /* Info.plist */ = {isa = PBXFileReference; lastKnownFileType = text.plist.xml; path = Info.plist; sourceTree = "<group>"; };
		D9E9E35522AC1FED003AD328 /* QueryStruct.swift */ = {isa = PBXFileReference; lastKnownFileType = sourcecode.swift; path = QueryStruct.swift; sourceTree = "<group>"; };
		D9E9E35722AC2247003AD328 /* UINib.swift */ = {isa = PBXFileReference; lastKnownFileType = sourcecode.swift; path = UINib.swift; sourceTree = "<group>"; };
		D9E9E35A22AD11B5003AD328 /* CacheImageManager.swift */ = {isa = PBXFileReference; lastKnownFileType = sourcecode.swift; path = CacheImageManager.swift; sourceTree = "<group>"; };
		D9E9E3F222B2BECB003AD328 /* ImageCollectionViewCell.swift */ = {isa = PBXFileReference; lastKnownFileType = sourcecode.swift; path = ImageCollectionViewCell.swift; sourceTree = "<group>"; };
		D9E9E3F322B2BECB003AD328 /* ImageCollectionViewCell.xib */ = {isa = PBXFileReference; lastKnownFileType = file.xib; path = ImageCollectionViewCell.xib; sourceTree = "<group>"; };
		D9E9E3F622B2C1D0003AD328 /* UICollectionView.swift */ = {isa = PBXFileReference; lastKnownFileType = sourcecode.swift; path = UICollectionView.swift; sourceTree = "<group>"; };
		D9E9E3F922B4C72D003AD328 /* NavigationSearchBar.swift */ = {isa = PBXFileReference; lastKnownFileType = sourcecode.swift; path = NavigationSearchBar.swift; sourceTree = "<group>"; };
		D9E9E3FC22B4C743003AD328 /* NavigationSearchBar.xib */ = {isa = PBXFileReference; lastKnownFileType = file.xib; path = NavigationSearchBar.xib; sourceTree = "<group>"; };
		EC1C8049A8A05CBF85076FD2 /* Pods_randomImage.framework */ = {isa = PBXFileReference; explicitFileType = wrapper.framework; includeInIndex = 0; path = Pods_randomImage.framework; sourceTree = BUILT_PRODUCTS_DIR; };
/* End PBXFileReference section */

/* Begin PBXFrameworksBuildPhase section */
		D9E1A3A0229D80B70076613C /* Frameworks */ = {
			isa = PBXFrameworksBuildPhase;
			buildActionMask = 2147483647;
			files = (
				D371583F0EA21FA83C4FEF94 /* Pods_randomImage.framework in Frameworks */,
			);
			runOnlyForDeploymentPostprocessing = 0;
		};
/* End PBXFrameworksBuildPhase section */

/* Begin PBXGroup section */
		0D3D89BE1FF24FA0B903BD7D /* Frameworks */ = {
			isa = PBXGroup;
			children = (
				EC1C8049A8A05CBF85076FD2 /* Pods_randomImage.framework */,
			);
			name = Frameworks;
			sourceTree = "<group>";
		};
		1600463FE806784F4576582C /* Pods */ = {
			isa = PBXGroup;
			children = (
				4A5BE1ABCE67182B9B3732DD /* Pods-randomImage.debug.xcconfig */,
				6D35B31A6BA5DB8BC4FD2AC3 /* Pods-randomImage.release.xcconfig */,
			);
			path = Pods;
			sourceTree = "<group>";
		};
		D999D24222CDED9C000CD458 /* Detail */ = {
			isa = PBXGroup;
			children = (
				D999D24422CDEDB8000CD458 /* DetailViewController.swift */,
				D999D24622CDEDC5000CD458 /* DetailView.storyboard */,
			);
			path = Detail;
			sourceTree = "<group>";
		};
		D9ABD01922AA7EB0009C9A80 /* Protocol */ = {
			isa = PBXGroup;
			children = (
				D9ABD01A22AA7EBD009C9A80 /* Reusable.swift */,
				D9E9E35522AC1FED003AD328 /* QueryStruct.swift */,
				CE22D84B22B649280018033B /* ImageSearch.swift */,
			);
			path = Protocol;
			sourceTree = "<group>";
		};
		D9C22EF522A57884008FB833 /* Utility */ = {
			isa = PBXGroup;
			children = (
				D9ABD01922AA7EB0009C9A80 /* Protocol */,
				D9C22EF922A57CB8008FB833 /* Enum */,
				D9C22EF622A57B24008FB833 /* Extnesion */,
			);
			path = Utility;
			sourceTree = "<group>";
		};
		D9C22EF622A57B24008FB833 /* Extnesion */ = {
			isa = PBXGroup;
			children = (
				D9E9E35722AC2247003AD328 /* UINib.swift */,
				CE612C3222B0D26B003CD38E /* UITableView.swift */,
				D9E9E3F622B2C1D0003AD328 /* UICollectionView.swift */,
			);
			path = Extnesion;
			sourceTree = "<group>";
		};
		D9C22EF922A57CB8008FB833 /* Enum */ = {
			isa = PBXGroup;
			children = (
				D9C22EFA22A57CC2008FB833 /* StoryBoardType.swift */,
				D93CBB1D22CA0E5000AF5F2C /* SearchAPI.swift */,
			);
			path = Enum;
			sourceTree = "<group>";
		};
		D9C22EFE22AA3718008FB833 /* Views */ = {
			isa = PBXGroup;
			children = (
				D9C22EF322A56B65008FB833 /* MainPageViewController.swift */,
				D9E1A3AA229D80B70076613C /* Main.storyboard */,
				D9E9E3F922B4C72D003AD328 /* NavigationSearchBar.swift */,
				D9E9E3FC22B4C743003AD328 /* NavigationSearchBar.xib */,
				D9C22EFF22AA371D008FB833 /* TableView */,
				D9C22F0022AA3721008FB833 /* CollectionView */,
				D999D24222CDED9C000CD458 /* Detail */,
			);
			path = Views;
			sourceTree = "<group>";
		};
		D9C22EFF22AA371D008FB833 /* TableView */ = {
			isa = PBXGroup;
			children = (
				D9C22F0322AA3A40008FB833 /* ImageTableViewController.swift */,
				D9C22F0922AA3A93008FB833 /* ImageTableView.storyboard */,
				D9ABD01422AA78C7009C9A80 /* ImageTableViewCell.swift */,
				D9ABD01522AA78C7009C9A80 /* ImageTableViewCell.xib */,
				CE612C2E22B0D113003CD38E /* LoadingCell.swift */,
				CE612C2F22B0D113003CD38E /* LoadingCell.xib */,
			);
			path = TableView;
			sourceTree = "<group>";
		};
		D9C22F0022AA3721008FB833 /* CollectionView */ = {
			isa = PBXGroup;
			children = (
				D9C22F0522AA3A4F008FB833 /* ImageCollectionViewController.swift */,
				D9C22F0722AA3A8A008FB833 /* ImageCollectionView.storyboard */,
				D9E9E3F222B2BECB003AD328 /* ImageCollectionViewCell.swift */,
				D9E9E3F322B2BECB003AD328 /* ImageCollectionViewCell.xib */,
				D999D23D22CC84DD000CD458 /* LoadingCollectionViewCell.swift */,
				D999D23E22CC84DD000CD458 /* LoadingCollectionViewCell.xib */,
			);
			path = CollectionView;
			sourceTree = "<group>";
		};
		D9E1A39A229D80B70076613C = {
			isa = PBXGroup;
			children = (
				D9E1A3A5229D80B70076613C /* randomImage */,
				D9E1A3A4229D80B70076613C /* Products */,
				1600463FE806784F4576582C /* Pods */,
				0D3D89BE1FF24FA0B903BD7D /* Frameworks */,
			);
			sourceTree = "<group>";
		};
		D9E1A3A4229D80B70076613C /* Products */ = {
			isa = PBXGroup;
			children = (
				D9E1A3A3229D80B70076613C /* randomImage.app */,
			);
			name = Products;
			sourceTree = "<group>";
		};
		D9E1A3A5229D80B70076613C /* randomImage */ = {
			isa = PBXGroup;
			children = (
				D9E1A3B9229D91DF0076613C /* Model */,
				D9E9E35922AD119E003AD328 /* CacheManager */,
				D9C22EFE22AA3718008FB833 /* Views */,
				D9C22EF522A57884008FB833 /* Utility */,
				D9E1A3A6229D80B70076613C /* AppDelegate.swift */,
				D9E1A3AD229D80B80076613C /* Assets.xcassets */,
				D9E1A3AF229D80B80076613C /* LaunchScreen.storyboard */,
				D9E1A3B2229D80B80076613C /* Info.plist */,
			);
			path = randomImage;
			sourceTree = "<group>";
		};
		D9E1A3B9229D91DF0076613C /* Model */ = {
			isa = PBXGroup;
			children = (
				D9C22DF622A265D6008FB833 /* APIManager.swift */,
				D9ABD02422ABDC75009C9A80 /* RequestQueryStruct.swift */,
				D9ABD01E22AB7DCF009C9A80 /* ResponseModel.swift */,
				D9ABD02222ABBBBA009C9A80 /* SecretKey.swift */,
			);
			path = Model;
			sourceTree = "<group>";
		};
		D9E9E35922AD119E003AD328 /* CacheManager */ = {
			isa = PBXGroup;
			children = (
				D9E9E35A22AD11B5003AD328 /* CacheImageManager.swift */,
			);
			path = CacheManager;
			sourceTree = "<group>";
		};
/* End PBXGroup section */

/* Begin PBXNativeTarget section */
		D9E1A3A2229D80B70076613C /* randomImage */ = {
			isa = PBXNativeTarget;
			buildConfigurationList = D9E1A3B5229D80B80076613C /* Build configuration list for PBXNativeTarget "randomImage" */;
			buildPhases = (
				4385DE4B7CF3C919B3B68BDA /* [CP] Check Pods Manifest.lock */,
				D9E1A39F229D80B70076613C /* Sources */,
				D9E1A3A0229D80B70076613C /* Frameworks */,
				D9E1A3A1229D80B70076613C /* Resources */,
				53945FE7AB4468828D026762 /* [CP] Embed Pods Frameworks */,
				D91ACF8B22E08027000C97D0 /* ShellScript */,
			);
			buildRules = (
			);
			dependencies = (
			);
			name = randomImage;
			productName = randomImage;
			productReference = D9E1A3A3229D80B70076613C /* randomImage.app */;
			productType = "com.apple.product-type.application";
		};
/* End PBXNativeTarget section */

/* Begin PBXProject section */
		D9E1A39B229D80B70076613C /* Project object */ = {
			isa = PBXProject;
			attributes = {
				LastSwiftUpdateCheck = 1020;
				LastUpgradeCheck = 1020;
				ORGANIZATIONNAME = onemoonStudio;
				TargetAttributes = {
					D9E1A3A2229D80B70076613C = {
						CreatedOnToolsVersion = 10.2.1;
					};
				};
			};
			buildConfigurationList = D9E1A39E229D80B70076613C /* Build configuration list for PBXProject "randomImage" */;
			compatibilityVersion = "Xcode 9.3";
			developmentRegion = en;
			hasScannedForEncodings = 0;
			knownRegions = (
				en,
				Base,
			);
			mainGroup = D9E1A39A229D80B70076613C;
			productRefGroup = D9E1A3A4229D80B70076613C /* Products */;
			projectDirPath = "";
			projectRoot = "";
			targets = (
				D9E1A3A2229D80B70076613C /* randomImage */,
			);
		};
/* End PBXProject section */

/* Begin PBXResourcesBuildPhase section */
		D9E1A3A1229D80B70076613C /* Resources */ = {
			isa = PBXResourcesBuildPhase;
			buildActionMask = 2147483647;
			files = (
				CE612C3122B0D113003CD38E /* LoadingCell.xib in Resources */,
				D999D24722CDEDC5000CD458 /* DetailView.storyboard in Resources */,
				D9C22F0A22AA3A93008FB833 /* ImageTableView.storyboard in Resources */,
				D9E1A3B1229D80B80076613C /* LaunchScreen.storyboard in Resources */,
				D9E1A3AE229D80B80076613C /* Assets.xcassets in Resources */,
				D9ABD01722AA78C7009C9A80 /* ImageTableViewCell.xib in Resources */,
				D9E1A3AC229D80B70076613C /* Main.storyboard in Resources */,
				D9E9E3F522B2BECB003AD328 /* ImageCollectionViewCell.xib in Resources */,
				D999D24022CC84DD000CD458 /* LoadingCollectionViewCell.xib in Resources */,
				D9E9E3FD22B4C743003AD328 /* NavigationSearchBar.xib in Resources */,
				D9C22F0822AA3A8A008FB833 /* ImageCollectionView.storyboard in Resources */,
			);
			runOnlyForDeploymentPostprocessing = 0;
		};
/* End PBXResourcesBuildPhase section */

/* Begin PBXShellScriptBuildPhase section */
		4385DE4B7CF3C919B3B68BDA /* [CP] Check Pods Manifest.lock */ = {
			isa = PBXShellScriptBuildPhase;
			buildActionMask = 2147483647;
			files = (
			);
			inputFileListPaths = (
			);
			inputPaths = (
				"${PODS_PODFILE_DIR_PATH}/Podfile.lock",
				"${PODS_ROOT}/Manifest.lock",
			);
			name = "[CP] Check Pods Manifest.lock";
			outputFileListPaths = (
			);
			outputPaths = (
				"$(DERIVED_FILE_DIR)/Pods-randomImage-checkManifestLockResult.txt",
			);
			runOnlyForDeploymentPostprocessing = 0;
			shellPath = /bin/sh;
			shellScript = "diff \"${PODS_PODFILE_DIR_PATH}/Podfile.lock\" \"${PODS_ROOT}/Manifest.lock\" > /dev/null\nif [ $? != 0 ] ; then\n    # print error to STDERR\n    echo \"error: The sandbox is not in sync with the Podfile.lock. Run 'pod install' or update your CocoaPods installation.\" >&2\n    exit 1\nfi\n# This output is used by Xcode 'outputs' to avoid re-running this script phase.\necho \"SUCCESS\" > \"${SCRIPT_OUTPUT_FILE_0}\"\n";
			showEnvVarsInLog = 0;
		};
		53945FE7AB4468828D026762 /* [CP] Embed Pods Frameworks */ = {
			isa = PBXShellScriptBuildPhase;
			buildActionMask = 2147483647;
			files = (
			);
			inputFileListPaths = (
				"${PODS_ROOT}/Target Support Files/Pods-randomImage/Pods-randomImage-frameworks-${CONFIGURATION}-input-files.xcfilelist",
			);
			name = "[CP] Embed Pods Frameworks";
			outputFileListPaths = (
				"${PODS_ROOT}/Target Support Files/Pods-randomImage/Pods-randomImage-frameworks-${CONFIGURATION}-output-files.xcfilelist",
			);
			runOnlyForDeploymentPostprocessing = 0;
			shellPath = /bin/sh;
			shellScript = "\"${PODS_ROOT}/Target Support Files/Pods-randomImage/Pods-randomImage-frameworks.sh\"\n";
			showEnvVarsInLog = 0;
		};
		D91ACF8B22E08027000C97D0 /* ShellScript */ = {
			isa = PBXShellScriptBuildPhase;
			buildActionMask = 2147483647;
			files = (
			);
			inputFileListPaths = (
			);
			inputPaths = (
			);
			outputFileListPaths = (
			);
			outputPaths = (
			);
			runOnlyForDeploymentPostprocessing = 0;
			shellPath = /bin/sh;
			shellScript = "${PODS_ROOT}/SwiftLint/swiftlint\n";
		};
/* End PBXShellScriptBuildPhase section */

/* Begin PBXSourcesBuildPhase section */
		D9E1A39F229D80B70076613C /* Sources */ = {
			isa = PBXSourcesBuildPhase;
			buildActionMask = 2147483647;
			files = (
				D93CBB1E22CA0E5000AF5F2C /* SearchAPI.swift in Sources */,
				D9ABD01622AA78C7009C9A80 /* ImageTableViewCell.swift in Sources */,
				D999D24522CDEDB8000CD458 /* DetailViewController.swift in Sources */,
				D9E9E35822AC2247003AD328 /* UINib.swift in Sources */,
				D9C22F0622AA3A4F008FB833 /* ImageCollectionViewController.swift in Sources */,
				D9E9E3FA22B4C72D003AD328 /* NavigationSearchBar.swift in Sources */,
				D9C22EFB22A57CC2008FB833 /* StoryBoardType.swift in Sources */,
				D9C22EF422A56B65008FB833 /* MainPageViewController.swift in Sources */,
				D999D23F22CC84DD000CD458 /* LoadingCollectionViewCell.swift in Sources */,
				CE22D84C22B649280018033B /* ImageSearch.swift in Sources */,
				D9ABD01B22AA7EBD009C9A80 /* Reusable.swift in Sources */,
				D9E9E3F422B2BECB003AD328 /* ImageCollectionViewCell.swift in Sources */,
				CE612C3322B0D26B003CD38E /* UITableView.swift in Sources */,
				D9E9E35B22AD11B5003AD328 /* CacheImageManager.swift in Sources */,
				D9ABD01F22AB7DCF009C9A80 /* ResponseModel.swift in Sources */,
				D9ABD02322ABBBBA009C9A80 /* SecretKey.swift in Sources */,
				CE612C3022B0D113003CD38E /* LoadingCell.swift in Sources */,
				D9C22F0422AA3A40008FB833 /* ImageTableViewController.swift in Sources */,
				D9C22DF722A265D6008FB833 /* APIManager.swift in Sources */,
				D9ABD02522ABDC75009C9A80 /* RequestQueryStruct.swift in Sources */,
				D9E9E35622AC1FED003AD328 /* QueryStruct.swift in Sources */,
				D9E1A3A7229D80B70076613C /* AppDelegate.swift in Sources */,
				D9E9E3F722B2C1D0003AD328 /* UICollectionView.swift in Sources */,
			);
			runOnlyForDeploymentPostprocessing = 0;
		};
/* End PBXSourcesBuildPhase section */

/* Begin PBXVariantGroup section */
		D9E1A3AA229D80B70076613C /* Main.storyboard */ = {
			isa = PBXVariantGroup;
			children = (
				D9E1A3AB229D80B70076613C /* Base */,
			);
			name = Main.storyboard;
			sourceTree = "<group>";
		};
		D9E1A3AF229D80B80076613C /* LaunchScreen.storyboard */ = {
			isa = PBXVariantGroup;
			children = (
				D9E1A3B0229D80B80076613C /* Base */,
			);
			name = LaunchScreen.storyboard;
			sourceTree = "<group>";
		};
/* End PBXVariantGroup section */

/* Begin XCBuildConfiguration section */
		D9E1A3B3229D80B80076613C /* Debug */ = {
			isa = XCBuildConfiguration;
			buildSettings = {
				ALWAYS_SEARCH_USER_PATHS = NO;
				CLANG_ANALYZER_NONNULL = YES;
				CLANG_ANALYZER_NUMBER_OBJECT_CONVERSION = YES_AGGRESSIVE;
				CLANG_CXX_LANGUAGE_STANDARD = "gnu++14";
				CLANG_CXX_LIBRARY = "libc++";
				CLANG_ENABLE_MODULES = YES;
				CLANG_ENABLE_OBJC_ARC = YES;
				CLANG_ENABLE_OBJC_WEAK = YES;
				CLANG_WARN_BLOCK_CAPTURE_AUTORELEASING = YES;
				CLANG_WARN_BOOL_CONVERSION = YES;
				CLANG_WARN_COMMA = YES;
				CLANG_WARN_CONSTANT_CONVERSION = YES;
				CLANG_WARN_DEPRECATED_OBJC_IMPLEMENTATIONS = YES;
				CLANG_WARN_DIRECT_OBJC_ISA_USAGE = YES_ERROR;
				CLANG_WARN_DOCUMENTATION_COMMENTS = YES;
				CLANG_WARN_EMPTY_BODY = YES;
				CLANG_WARN_ENUM_CONVERSION = YES;
				CLANG_WARN_INFINITE_RECURSION = YES;
				CLANG_WARN_INT_CONVERSION = YES;
				CLANG_WARN_NON_LITERAL_NULL_CONVERSION = YES;
				CLANG_WARN_OBJC_IMPLICIT_RETAIN_SELF = YES;
				CLANG_WARN_OBJC_LITERAL_CONVERSION = YES;
				CLANG_WARN_OBJC_ROOT_CLASS = YES_ERROR;
				CLANG_WARN_RANGE_LOOP_ANALYSIS = YES;
				CLANG_WARN_STRICT_PROTOTYPES = YES;
				CLANG_WARN_SUSPICIOUS_MOVE = YES;
				CLANG_WARN_UNGUARDED_AVAILABILITY = YES_AGGRESSIVE;
				CLANG_WARN_UNREACHABLE_CODE = YES;
				CLANG_WARN__DUPLICATE_METHOD_MATCH = YES;
				CODE_SIGN_IDENTITY = "iPhone Developer";
				COPY_PHASE_STRIP = NO;
				DEBUG_INFORMATION_FORMAT = dwarf;
				ENABLE_STRICT_OBJC_MSGSEND = YES;
				ENABLE_TESTABILITY = YES;
				GCC_C_LANGUAGE_STANDARD = gnu11;
				GCC_DYNAMIC_NO_PIC = NO;
				GCC_NO_COMMON_BLOCKS = YES;
				GCC_OPTIMIZATION_LEVEL = 0;
				GCC_PREPROCESSOR_DEFINITIONS = (
					"DEBUG=1",
					"$(inherited)",
				);
				GCC_WARN_64_TO_32_BIT_CONVERSION = YES;
				GCC_WARN_ABOUT_RETURN_TYPE = YES_ERROR;
				GCC_WARN_UNDECLARED_SELECTOR = YES;
				GCC_WARN_UNINITIALIZED_AUTOS = YES_AGGRESSIVE;
				GCC_WARN_UNUSED_FUNCTION = YES;
				GCC_WARN_UNUSED_VARIABLE = YES;
				IPHONEOS_DEPLOYMENT_TARGET = 12.2;
				MTL_ENABLE_DEBUG_INFO = INCLUDE_SOURCE;
				MTL_FAST_MATH = YES;
				ONLY_ACTIVE_ARCH = YES;
				SDKROOT = iphoneos;
				SWIFT_ACTIVE_COMPILATION_CONDITIONS = DEBUG;
				SWIFT_OPTIMIZATION_LEVEL = "-Onone";
			};
			name = Debug;
		};
		D9E1A3B4229D80B80076613C /* Release */ = {
			isa = XCBuildConfiguration;
			buildSettings = {
				ALWAYS_SEARCH_USER_PATHS = NO;
				CLANG_ANALYZER_NONNULL = YES;
				CLANG_ANALYZER_NUMBER_OBJECT_CONVERSION = YES_AGGRESSIVE;
				CLANG_CXX_LANGUAGE_STANDARD = "gnu++14";
				CLANG_CXX_LIBRARY = "libc++";
				CLANG_ENABLE_MODULES = YES;
				CLANG_ENABLE_OBJC_ARC = YES;
				CLANG_ENABLE_OBJC_WEAK = YES;
				CLANG_WARN_BLOCK_CAPTURE_AUTORELEASING = YES;
				CLANG_WARN_BOOL_CONVERSION = YES;
				CLANG_WARN_COMMA = YES;
				CLANG_WARN_CONSTANT_CONVERSION = YES;
				CLANG_WARN_DEPRECATED_OBJC_IMPLEMENTATIONS = YES;
				CLANG_WARN_DIRECT_OBJC_ISA_USAGE = YES_ERROR;
				CLANG_WARN_DOCUMENTATION_COMMENTS = YES;
				CLANG_WARN_EMPTY_BODY = YES;
				CLANG_WARN_ENUM_CONVERSION = YES;
				CLANG_WARN_INFINITE_RECURSION = YES;
				CLANG_WARN_INT_CONVERSION = YES;
				CLANG_WARN_NON_LITERAL_NULL_CONVERSION = YES;
				CLANG_WARN_OBJC_IMPLICIT_RETAIN_SELF = YES;
				CLANG_WARN_OBJC_LITERAL_CONVERSION = YES;
				CLANG_WARN_OBJC_ROOT_CLASS = YES_ERROR;
				CLANG_WARN_RANGE_LOOP_ANALYSIS = YES;
				CLANG_WARN_STRICT_PROTOTYPES = YES;
				CLANG_WARN_SUSPICIOUS_MOVE = YES;
				CLANG_WARN_UNGUARDED_AVAILABILITY = YES_AGGRESSIVE;
				CLANG_WARN_UNREACHABLE_CODE = YES;
				CLANG_WARN__DUPLICATE_METHOD_MATCH = YES;
				CODE_SIGN_IDENTITY = "iPhone Developer";
				COPY_PHASE_STRIP = NO;
				DEBUG_INFORMATION_FORMAT = "dwarf-with-dsym";
				ENABLE_NS_ASSERTIONS = NO;
				ENABLE_STRICT_OBJC_MSGSEND = YES;
				GCC_C_LANGUAGE_STANDARD = gnu11;
				GCC_NO_COMMON_BLOCKS = YES;
				GCC_WARN_64_TO_32_BIT_CONVERSION = YES;
				GCC_WARN_ABOUT_RETURN_TYPE = YES_ERROR;
				GCC_WARN_UNDECLARED_SELECTOR = YES;
				GCC_WARN_UNINITIALIZED_AUTOS = YES_AGGRESSIVE;
				GCC_WARN_UNUSED_FUNCTION = YES;
				GCC_WARN_UNUSED_VARIABLE = YES;
				IPHONEOS_DEPLOYMENT_TARGET = 12.2;
				MTL_ENABLE_DEBUG_INFO = NO;
				MTL_FAST_MATH = YES;
				SDKROOT = iphoneos;
				SWIFT_COMPILATION_MODE = wholemodule;
				SWIFT_OPTIMIZATION_LEVEL = "-O";
				VALIDATE_PRODUCT = YES;
			};
			name = Release;
		};
		D9E1A3B6229D80B80076613C /* Debug */ = {
			isa = XCBuildConfiguration;
			baseConfigurationReference = 4A5BE1ABCE67182B9B3732DD /* Pods-randomImage.debug.xcconfig */;
			buildSettings = {
				ASSETCATALOG_COMPILER_APPICON_NAME = AppIcon;
				CODE_SIGN_STYLE = Automatic;
				DEVELOPMENT_TEAM = 74HR8KDU73;
				INFOPLIST_FILE = randomImage/Info.plist;
				LD_RUNPATH_SEARCH_PATHS = (
					"$(inherited)",
					"@executable_path/Frameworks",
				);
				PRODUCT_BUNDLE_IDENTIFIER = com.onemoon.studio.randomImage;
				PRODUCT_NAME = "$(TARGET_NAME)";
				SWIFT_VERSION = 5.0;
				TARGETED_DEVICE_FAMILY = "1,2";
			};
			name = Debug;
		};
		D9E1A3B7229D80B80076613C /* Release */ = {
			isa = XCBuildConfiguration;
			baseConfigurationReference = 6D35B31A6BA5DB8BC4FD2AC3 /* Pods-randomImage.release.xcconfig */;
			buildSettings = {
				ASSETCATALOG_COMPILER_APPICON_NAME = AppIcon;
				CODE_SIGN_STYLE = Automatic;
				DEVELOPMENT_TEAM = 74HR8KDU73;
				INFOPLIST_FILE = randomImage/Info.plist;
				LD_RUNPATH_SEARCH_PATHS = (
					"$(inherited)",
					"@executable_path/Frameworks",
				);
				PRODUCT_BUNDLE_IDENTIFIER = com.onemoon.studio.randomImage;
				PRODUCT_NAME = "$(TARGET_NAME)";
				SWIFT_VERSION = 5.0;
				TARGETED_DEVICE_FAMILY = "1,2";
			};
			name = Release;
		};
/* End XCBuildConfiguration section */

/* Begin XCConfigurationList section */
		D9E1A39E229D80B70076613C /* Build configuration list for PBXProject "randomImage" */ = {
			isa = XCConfigurationList;
			buildConfigurations = (
				D9E1A3B3229D80B80076613C /* Debug */,
				D9E1A3B4229D80B80076613C /* Release */,
			);
			defaultConfigurationIsVisible = 0;
			defaultConfigurationName = Release;
		};
		D9E1A3B5229D80B80076613C /* Build configuration list for PBXNativeTarget "randomImage" */ = {
			isa = XCConfigurationList;
			buildConfigurations = (
				D9E1A3B6229D80B80076613C /* Debug */,
				D9E1A3B7229D80B80076613C /* Release */,
			);
			defaultConfigurationIsVisible = 0;
			defaultConfigurationName = Release;
		};
/* End XCConfigurationList section */
	};
	rootObject = D9E1A39B229D80B70076613C /* Project object */;
}
